
Microsoft Visual Studio Solution File, Format Version 12.00
# Visual Studio 15
VisualStudioVersion = 15.0.28307.421
MinimumVisualStudioVersion = 10.0.40219.1
Project("{888888A0-9F3D-457C-B088-3A5042F75D52}") = "9-2", "9-2\9-2.pyproj", "{C1121FFA-73AF-4AD6-976E-25877AC729E8}"
EndProject
Global
	GlobalSection(SolutionConfigurationPlatforms) = preSolution
		Debug|Any CPU = Debug|Any CPU
		Release|Any CPU = Release|Any CPU
	EndGlobalSection
	GlobalSection(ProjectConfigurationPlatforms) = postSolution
		{C1121FFA-73AF-4AD6-976E-25877AC729E8}.Debug|Any CPU.ActiveCfg = Debug|Any CPU
		{C1121FFA-73AF-4AD6-976E-25877AC729E8}.Release|Any CPU.ActiveCfg = Release|Any CPU
	EndGlobalSection
	GlobalSection(SolutionProperties) = preSolution
		HideSolutionNode = FALSE
	EndGlobalSection
	GlobalSection(ExtensibilityGlobals) = postSolution
		SolutionGuid = {82181422-6BED-445A-AEF4-47DE13A36B66}
	EndGlobalSection
EndGlobal
