
Microsoft Visual Studio Solution File, Format Version 12.00
# Visual Studio 15
VisualStudioVersion = 15.0.28307.421
MinimumVisualStudioVersion = 10.0.40219.1
Project("{888888A0-9F3D-457C-B088-3A5042F75D52}") = "7-6", "7-6\7-6.pyproj", "{279C9C09-9E9D-44B9-A2E8-90E36645E6B3}"
EndProject
Global
	GlobalSection(SolutionConfigurationPlatforms) = preSolution
		Debug|Any CPU = Debug|Any CPU
		Release|Any CPU = Release|Any CPU
	EndGlobalSection
	GlobalSection(ProjectConfigurationPlatforms) = postSolution
		{279C9C09-9E9D-44B9-A2E8-90E36645E6B3}.Debug|Any CPU.ActiveCfg = Debug|Any CPU
		{279C9C09-9E9D-44B9-A2E8-90E36645E6B3}.Release|Any CPU.ActiveCfg = Release|Any CPU
	EndGlobalSection
	GlobalSection(SolutionProperties) = preSolution
		HideSolutionNode = FALSE
	EndGlobalSection
	GlobalSection(ExtensibilityGlobals) = postSolution
		SolutionGuid = {B5E26951-71BC-4866-99B5-25F153B28D75}
	EndGlobalSection
EndGlobal
