
Microsoft Visual Studio Solution File, Format Version 12.00
# Visual Studio 15
VisualStudioVersion = 15.0.28307.421
MinimumVisualStudioVersion = 10.0.40219.1
Project("{888888A0-9F3D-457C-B088-3A5042F75D52}") = "9-3", "9-3\9-3.pyproj", "{6068DF94-15F8-4BEC-984E-DEE98382E046}"
EndProject
Global
	GlobalSection(SolutionConfigurationPlatforms) = preSolution
		Debug|Any CPU = Debug|Any CPU
		Release|Any CPU = Release|Any CPU
	EndGlobalSection
	GlobalSection(ProjectConfigurationPlatforms) = postSolution
		{6068DF94-15F8-4BEC-984E-DEE98382E046}.Debug|Any CPU.ActiveCfg = Debug|Any CPU
		{6068DF94-15F8-4BEC-984E-DEE98382E046}.Release|Any CPU.ActiveCfg = Release|Any CPU
	EndGlobalSection
	GlobalSection(SolutionProperties) = preSolution
		HideSolutionNode = FALSE
	EndGlobalSection
	GlobalSection(ExtensibilityGlobals) = postSolution
		SolutionGuid = {82A312BC-8079-454E-A387-BD28A2D88725}
	EndGlobalSection
EndGlobal
