
Microsoft Visual Studio Solution File, Format Version 12.00
# Visual Studio 15
VisualStudioVersion = 15.0.28307.421
MinimumVisualStudioVersion = 10.0.40219.1
Project("{888888A0-9F3D-457C-B088-3A5042F75D52}") = "8-1", "8-1\8-1.pyproj", "{913030C8-9DA8-49FF-882E-69CA841FDE9C}"
EndProject
Global
	GlobalSection(SolutionConfigurationPlatforms) = preSolution
		Debug|Any CPU = Debug|Any CPU
		Release|Any CPU = Release|Any CPU
	EndGlobalSection
	GlobalSection(ProjectConfigurationPlatforms) = postSolution
		{913030C8-9DA8-49FF-882E-69CA841FDE9C}.Debug|Any CPU.ActiveCfg = Debug|Any CPU
		{913030C8-9DA8-49FF-882E-69CA841FDE9C}.Release|Any CPU.ActiveCfg = Release|Any CPU
	EndGlobalSection
	GlobalSection(SolutionProperties) = preSolution
		HideSolutionNode = FALSE
	EndGlobalSection
	GlobalSection(ExtensibilityGlobals) = postSolution
		SolutionGuid = {BC28B975-3CFA-4A8B-9C6A-4FD6044BE062}
	EndGlobalSection
EndGlobal
