
Microsoft Visual Studio Solution File, Format Version 12.00
# Visual Studio 15
VisualStudioVersion = 15.0.28307.421
MinimumVisualStudioVersion = 10.0.40219.1
Project("{888888A0-9F3D-457C-B088-3A5042F75D52}") = "7-4", "7-4\7-4.pyproj", "{C115181E-CE62-4C0D-BA62-22855083A97B}"
EndProject
Global
	GlobalSection(SolutionConfigurationPlatforms) = preSolution
		Debug|Any CPU = Debug|Any CPU
		Release|Any CPU = Release|Any CPU
	EndGlobalSection
	GlobalSection(ProjectConfigurationPlatforms) = postSolution
		{C115181E-CE62-4C0D-BA62-22855083A97B}.Debug|Any CPU.ActiveCfg = Debug|Any CPU
		{C115181E-CE62-4C0D-BA62-22855083A97B}.Release|Any CPU.ActiveCfg = Release|Any CPU
	EndGlobalSection
	GlobalSection(SolutionProperties) = preSolution
		HideSolutionNode = FALSE
	EndGlobalSection
	GlobalSection(ExtensibilityGlobals) = postSolution
		SolutionGuid = {F0E3B483-B079-4AD9-BE1F-F3E5C1B37384}
	EndGlobalSection
EndGlobal
